// !$*UTF8*$!
{
	archiveVersion = 1;
	classes = {
	};
	objectVersion = 50;
	objects = {

/* Begin PBXBuildFile section */
		19908CB742FC16A4F9E52BC4 /* Pods_ReceiptTracker.framework in Frameworks */ = {isa = PBXBuildFile; fileRef = F1EC8F262F5CFC9AF09987D0 /* Pods_ReceiptTracker.framework */; };
		A69EF727235E49DB005C165D /* ReceiptTracker.xcdatamodeld in Sources */ = {isa = PBXBuildFile; fileRef = A69EF725235E49DB005C165D /* ReceiptTracker.xcdatamodeld */; };
		A69EF72A235E5339005C165D /* CoreDataStack.swift in Sources */ = {isa = PBXBuildFile; fileRef = A69EF729235E5339005C165D /* CoreDataStack.swift */; };
		A69EF72C235E538E005C165D /* Receipt+Convenience.swift in Sources */ = {isa = PBXBuildFile; fileRef = A69EF72B235E538E005C165D /* Receipt+Convenience.swift */; };
		A69EF72E235E56B8005C165D /* ReceiptController.swift in Sources */ = {isa = PBXBuildFile; fileRef = A69EF72D235E56B8005C165D /* ReceiptController.swift */; };
		FA0354C1235E1D3F0046047F /* AppDelegate.swift in Sources */ = {isa = PBXBuildFile; fileRef = FA0354C0235E1D3F0046047F /* AppDelegate.swift */; };
		FA0354C3235E1D3F0046047F /* SceneDelegate.swift in Sources */ = {isa = PBXBuildFile; fileRef = FA0354C2235E1D3F0046047F /* SceneDelegate.swift */; };
		FA0354C8235E1D3F0046047F /* Main.storyboard in Resources */ = {isa = PBXBuildFile; fileRef = FA0354C6235E1D3F0046047F /* Main.storyboard */; };
		FA0354CA235E1D410046047F /* Assets.xcassets in Resources */ = {isa = PBXBuildFile; fileRef = FA0354C9235E1D410046047F /* Assets.xcassets */; };
		FA0354CD235E1D410046047F /* LaunchScreen.storyboard in Resources */ = {isa = PBXBuildFile; fileRef = FA0354CB235E1D410046047F /* LaunchScreen.storyboard */; };
		FA0354DA235E60C80046047F /* LogInController.swift in Sources */ = {isa = PBXBuildFile; fileRef = FA0354D9235E60C80046047F /* LogInController.swift */; };
		FA0354DC235E62B60046047F /* Bearer.swift in Sources */ = {isa = PBXBuildFile; fileRef = FA0354DB235E62B60046047F /* Bearer.swift */; };
		FA0354DE235E63BB0046047F /* User.swift in Sources */ = {isa = PBXBuildFile; fileRef = FA0354DD235E63BB0046047F /* User.swift */; };
		FA0354E0235E78930046047F /* ReceiptTableViewCell.swift in Sources */ = {isa = PBXBuildFile; fileRef = FA0354DF235E78930046047F /* ReceiptTableViewCell.swift */; };
		FA0354E2235E79D60046047F /* ReceiptsTableViewController.swift in Sources */ = {isa = PBXBuildFile; fileRef = FA0354E1235E79D60046047F /* ReceiptsTableViewController.swift */; };
		FA0354E4235E79FC0046047F /* ReceiptDetailViewController.swift in Sources */ = {isa = PBXBuildFile; fileRef = FA0354E3235E79FC0046047F /* ReceiptDetailViewController.swift */; };
		FA0354E8235E7BAA0046047F /* ReceiptLogInViewController.swift in Sources */ = {isa = PBXBuildFile; fileRef = FA0354E7235E7BAA0046047F /* ReceiptLogInViewController.swift */; };
		FA0354EA235F63EF0046047F /* ReceiptRepresentation.swift in Sources */ = {isa = PBXBuildFile; fileRef = FA0354E9235F63EF0046047F /* ReceiptRepresentation.swift */; };
/* End PBXBuildFile section */

/* Begin PBXFileReference section */
		56A4A83BA0B0F7536C4073D6 /* Pods-ReceiptTracker.release.xcconfig */ = {isa = PBXFileReference; includeInIndex = 1; lastKnownFileType = text.xcconfig; name = "Pods-ReceiptTracker.release.xcconfig"; path = "Target Support Files/Pods-ReceiptTracker/Pods-ReceiptTracker.release.xcconfig"; sourceTree = "<group>"; };
		A6631C3D235F915C00D251A6 /* ReceiptTracker 2.xcdatamodel */ = {isa = PBXFileReference; lastKnownFileType = wrapper.xcdatamodel; path = "ReceiptTracker 2.xcdatamodel"; sourceTree = "<group>"; };
		A69EF726235E49DB005C165D /* ReceiptTracker.xcdatamodel */ = {isa = PBXFileReference; lastKnownFileType = wrapper.xcdatamodel; path = ReceiptTracker.xcdatamodel; sourceTree = "<group>"; };
		A69EF729235E5339005C165D /* CoreDataStack.swift */ = {isa = PBXFileReference; lastKnownFileType = sourcecode.swift; path = CoreDataStack.swift; sourceTree = "<group>"; };
		A69EF72B235E538E005C165D /* Receipt+Convenience.swift */ = {isa = PBXFileReference; lastKnownFileType = sourcecode.swift; path = "Receipt+Convenience.swift"; sourceTree = "<group>"; };
		A69EF72D235E56B8005C165D /* ReceiptController.swift */ = {isa = PBXFileReference; lastKnownFileType = sourcecode.swift; path = ReceiptController.swift; sourceTree = "<group>"; };
		F1EC8F262F5CFC9AF09987D0 /* Pods_ReceiptTracker.framework */ = {isa = PBXFileReference; explicitFileType = wrapper.framework; includeInIndex = 0; path = Pods_ReceiptTracker.framework; sourceTree = BUILT_PRODUCTS_DIR; };
		FA0354BD235E1D3F0046047F /* ReceiptTracker.app */ = {isa = PBXFileReference; explicitFileType = wrapper.application; includeInIndex = 0; path = ReceiptTracker.app; sourceTree = BUILT_PRODUCTS_DIR; };
		FA0354C0235E1D3F0046047F /* AppDelegate.swift */ = {isa = PBXFileReference; lastKnownFileType = sourcecode.swift; path = AppDelegate.swift; sourceTree = "<group>"; };
		FA0354C2235E1D3F0046047F /* SceneDelegate.swift */ = {isa = PBXFileReference; lastKnownFileType = sourcecode.swift; path = SceneDelegate.swift; sourceTree = "<group>"; };
		FA0354C7235E1D3F0046047F /* Base */ = {isa = PBXFileReference; lastKnownFileType = file.storyboard; name = Base; path = Base.lproj/Main.storyboard; sourceTree = "<group>"; };
		FA0354C9235E1D410046047F /* Assets.xcassets */ = {isa = PBXFileReference; lastKnownFileType = folder.assetcatalog; path = Assets.xcassets; sourceTree = "<group>"; };
		FA0354CC235E1D410046047F /* Base */ = {isa = PBXFileReference; lastKnownFileType = file.storyboard; name = Base; path = Base.lproj/LaunchScreen.storyboard; sourceTree = "<group>"; };
		FA0354CE235E1D410046047F /* Info.plist */ = {isa = PBXFileReference; lastKnownFileType = text.plist.xml; path = Info.plist; sourceTree = "<group>"; };
		FA0354D9235E60C80046047F /* LogInController.swift */ = {isa = PBXFileReference; lastKnownFileType = sourcecode.swift; path = LogInController.swift; sourceTree = "<group>"; };
		FA0354DB235E62B60046047F /* Bearer.swift */ = {isa = PBXFileReference; lastKnownFileType = sourcecode.swift; path = Bearer.swift; sourceTree = "<group>"; };
		FA0354DD235E63BB0046047F /* User.swift */ = {isa = PBXFileReference; lastKnownFileType = sourcecode.swift; path = User.swift; sourceTree = "<group>"; };
		FA0354DF235E78930046047F /* ReceiptTableViewCell.swift */ = {isa = PBXFileReference; lastKnownFileType = sourcecode.swift; name = ReceiptTableViewCell.swift; path = Views/ReceiptTableViewCell.swift; sourceTree = SOURCE_ROOT; };
		FA0354E1235E79D60046047F /* ReceiptsTableViewController.swift */ = {isa = PBXFileReference; lastKnownFileType = sourcecode.swift; path = ReceiptsTableViewController.swift; sourceTree = "<group>"; };
		FA0354E3235E79FC0046047F /* ReceiptDetailViewController.swift */ = {isa = PBXFileReference; lastKnownFileType = sourcecode.swift; path = ReceiptDetailViewController.swift; sourceTree = "<group>"; };
		FA0354E7235E7BAA0046047F /* ReceiptLogInViewController.swift */ = {isa = PBXFileReference; lastKnownFileType = sourcecode.swift; path = ReceiptLogInViewController.swift; sourceTree = "<group>"; };
		FA0354E9235F63EF0046047F /* ReceiptRepresentation.swift */ = {isa = PBXFileReference; lastKnownFileType = sourcecode.swift; path = ReceiptRepresentation.swift; sourceTree = "<group>"; };
		FD5ADDCD9ECCA8A9D4B48FE1 /* Pods-ReceiptTracker.debug.xcconfig */ = {isa = PBXFileReference; includeInIndex = 1; lastKnownFileType = text.xcconfig; name = "Pods-ReceiptTracker.debug.xcconfig"; path = "Target Support Files/Pods-ReceiptTracker/Pods-ReceiptTracker.debug.xcconfig"; sourceTree = "<group>"; };
/* End PBXFileReference section */

/* Begin PBXFrameworksBuildPhase section */
		FA0354BA235E1D3F0046047F /* Frameworks */ = {
			isa = PBXFrameworksBuildPhase;
			buildActionMask = 2147483647;
			files = (
				19908CB742FC16A4F9E52BC4 /* Pods_ReceiptTracker.framework in Frameworks */,
			);
			runOnlyForDeploymentPostprocessing = 0;
		};
/* End PBXFrameworksBuildPhase section */

/* Begin PBXGroup section */
		2AC43E8B9B74CAA7A225E5A9 /* Frameworks */ = {
			isa = PBXGroup;
			children = (
				F1EC8F262F5CFC9AF09987D0 /* Pods_ReceiptTracker.framework */,
			);
			name = Frameworks;
			sourceTree = "<group>";
		};
		8AC88FDA058BFAD1842276D5 /* Pods */ = {
			isa = PBXGroup;
			children = (
				FD5ADDCD9ECCA8A9D4B48FE1 /* Pods-ReceiptTracker.debug.xcconfig */,
				56A4A83BA0B0F7536C4073D6 /* Pods-ReceiptTracker.release.xcconfig */,
			);
			name = Pods;
			path = Pods;
			sourceTree = "<group>";
		};
		A69EF728235E49E1005C165D /* Models */ = {
			isa = PBXGroup;
			children = (
				A69EF725235E49DB005C165D /* ReceiptTracker.xcdatamodeld */,
				FA0354E9235F63EF0046047F /* ReceiptRepresentation.swift */,
				A69EF72B235E538E005C165D /* Receipt+Convenience.swift */,
				A69EF729235E5339005C165D /* CoreDataStack.swift */,
				FA0354DB235E62B60046047F /* Bearer.swift */,
				FA0354DD235E63BB0046047F /* User.swift */,
			);
			path = Models;
			sourceTree = "<group>";
		};
		FA0354B4235E1D3E0046047F = {
			isa = PBXGroup;
			children = (
				FA0354D8235E23CB0046047F /* Controllers */,
				FA0354D5235E21DE0046047F /* View Controllers */,
				FA0354D7235E229D0046047F /* Views */,
				FA0354D6235E21F40046047F /* Model Controllers */,
				A69EF728235E49E1005C165D /* Models */,
				FA0354BF235E1D3F0046047F /* Reciept Tracker */,
				FA0354BE235E1D3F0046047F /* Products */,
				8AC88FDA058BFAD1842276D5 /* Pods */,
				2AC43E8B9B74CAA7A225E5A9 /* Frameworks */,
			);
			sourceTree = "<group>";
		};
		FA0354BE235E1D3F0046047F /* Products */ = {
			isa = PBXGroup;
			children = (
				FA0354BD235E1D3F0046047F /* ReceiptTracker.app */,
			);
			name = Products;
			sourceTree = "<group>";
		};
		FA0354BF235E1D3F0046047F /* Reciept Tracker */ = {
			isa = PBXGroup;
			children = (
				FA0354C0235E1D3F0046047F /* AppDelegate.swift */,
				FA0354C2235E1D3F0046047F /* SceneDelegate.swift */,
				FA0354C6235E1D3F0046047F /* Main.storyboard */,
				FA0354C9235E1D410046047F /* Assets.xcassets */,
				FA0354CB235E1D410046047F /* LaunchScreen.storyboard */,
				FA0354CE235E1D410046047F /* Info.plist */,
			);
			path = "Reciept Tracker";
			sourceTree = "<group>";
		};
		FA0354D5235E21DE0046047F /* View Controllers */ = {
			isa = PBXGroup;
			children = (
				FA0354E1235E79D60046047F /* ReceiptsTableViewController.swift */,
				FA0354E3235E79FC0046047F /* ReceiptDetailViewController.swift */,
				FA0354E7235E7BAA0046047F /* ReceiptLogInViewController.swift */,
			);
			path = "View Controllers";
			sourceTree = "<group>";
		};
		FA0354D6235E21F40046047F /* Model Controllers */ = {
			isa = PBXGroup;
			children = (
				A69EF72D235E56B8005C165D /* ReceiptController.swift */,
				FA0354D9235E60C80046047F /* LogInController.swift */,
			);
			path = "Model Controllers";
			sourceTree = "<group>";
		};
		FA0354D7235E229D0046047F /* Views */ = {
			isa = PBXGroup;
			children = (
				FA0354DF235E78930046047F /* ReceiptTableViewCell.swift */,
			);
			path = Views;
			sourceTree = "<group>";
		};
		FA0354D8235E23CB0046047F /* Controllers */ = {
			isa = PBXGroup;
			children = (
			);
			path = Controllers;
			sourceTree = "<group>";
		};
/* End PBXGroup section */

/* Begin PBXNativeTarget section */
		FA0354BC235E1D3F0046047F /* ReceiptTracker */ = {
			isa = PBXNativeTarget;
			buildConfigurationList = FA0354D1235E1D410046047F /* Build configuration list for PBXNativeTarget "ReceiptTracker" */;
			buildPhases = (
				6F291EBF3D154E9D37BFB757 /* [CP] Check Pods Manifest.lock */,
				FA0354B9235E1D3F0046047F /* Sources */,
				FA0354BA235E1D3F0046047F /* Frameworks */,
				FA0354BB235E1D3F0046047F /* Resources */,
				5FC595FBBFFCC385C7257907 /* [CP] Embed Pods Frameworks */,
			);
			buildRules = (
			);
			dependencies = (
			);
			name = ReceiptTracker;
			productName = "Reciept Tracker";
			productReference = FA0354BD235E1D3F0046047F /* ReceiptTracker.app */;
			productType = "com.apple.product-type.application";
		};
/* End PBXNativeTarget section */

/* Begin PBXProject section */
		FA0354B5235E1D3E0046047F /* Project object */ = {
			isa = PBXProject;
			attributes = {
				LastSwiftUpdateCheck = 1100;
				LastUpgradeCheck = 1100;
				ORGANIZATIONNAME = "Lambda School";
				TargetAttributes = {
					FA0354BC235E1D3F0046047F = {
						CreatedOnToolsVersion = 11.0;
					};
				};
			};
			buildConfigurationList = FA0354B8235E1D3E0046047F /* Build configuration list for PBXProject "ReceiptTracker" */;
			compatibilityVersion = "Xcode 9.3";
			developmentRegion = en;
			hasScannedForEncodings = 0;
			knownRegions = (
				en,
				Base,
			);
			mainGroup = FA0354B4235E1D3E0046047F;
			productRefGroup = FA0354BE235E1D3F0046047F /* Products */;
			projectDirPath = "";
			projectRoot = "";
			targets = (
				FA0354BC235E1D3F0046047F /* ReceiptTracker */,
			);
		};
/* End PBXProject section */

/* Begin PBXResourcesBuildPhase section */
		FA0354BB235E1D3F0046047F /* Resources */ = {
			isa = PBXResourcesBuildPhase;
			buildActionMask = 2147483647;
			files = (
				FA0354CD235E1D410046047F /* LaunchScreen.storyboard in Resources */,
				FA0354CA235E1D410046047F /* Assets.xcassets in Resources */,
				FA0354C8235E1D3F0046047F /* Main.storyboard in Resources */,
			);
			runOnlyForDeploymentPostprocessing = 0;
		};
/* End PBXResourcesBuildPhase section */

/* Begin PBXShellScriptBuildPhase section */
		5FC595FBBFFCC385C7257907 /* [CP] Embed Pods Frameworks */ = {
			isa = PBXShellScriptBuildPhase;
			buildActionMask = 2147483647;
			files = (
			);
			inputFileListPaths = (
				"${PODS_ROOT}/Target Support Files/Pods-ReceiptTracker/Pods-ReceiptTracker-frameworks-${CONFIGURATION}-input-files.xcfilelist",
			);
			name = "[CP] Embed Pods Frameworks";
			outputFileListPaths = (
				"${PODS_ROOT}/Target Support Files/Pods-ReceiptTracker/Pods-ReceiptTracker-frameworks-${CONFIGURATION}-output-files.xcfilelist",
			);
			runOnlyForDeploymentPostprocessing = 0;
			shellPath = /bin/sh;
			shellScript = "\"${PODS_ROOT}/Target Support Files/Pods-ReceiptTracker/Pods-ReceiptTracker-frameworks.sh\"\n";
			showEnvVarsInLog = 0;
		};
		6F291EBF3D154E9D37BFB757 /* [CP] Check Pods Manifest.lock */ = {
			isa = PBXShellScriptBuildPhase;
			buildActionMask = 2147483647;
			files = (
			);
			inputFileListPaths = (
			);
			inputPaths = (
				"${PODS_PODFILE_DIR_PATH}/Podfile.lock",
				"${PODS_ROOT}/Manifest.lock",
			);
			name = "[CP] Check Pods Manifest.lock";
			outputFileListPaths = (
			);
			outputPaths = (
				"$(DERIVED_FILE_DIR)/Pods-ReceiptTracker-checkManifestLockResult.txt",
			);
			runOnlyForDeploymentPostprocessing = 0;
			shellPath = /bin/sh;
			shellScript = "diff \"${PODS_PODFILE_DIR_PATH}/Podfile.lock\" \"${PODS_ROOT}/Manifest.lock\" > /dev/null\nif [ $? != 0 ] ; then\n    # print error to STDERR\n    echo \"error: The sandbox is not in sync with the Podfile.lock. Run 'pod install' or update your CocoaPods installation.\" >&2\n    exit 1\nfi\n# This output is used by Xcode 'outputs' to avoid re-running this script phase.\necho \"SUCCESS\" > \"${SCRIPT_OUTPUT_FILE_0}\"\n";
			showEnvVarsInLog = 0;
		};
/* End PBXShellScriptBuildPhase section */

/* Begin PBXSourcesBuildPhase section */
		FA0354B9235E1D3F0046047F /* Sources */ = {
			isa = PBXSourcesBuildPhase;
			buildActionMask = 2147483647;
			files = (
				FA0354DC235E62B60046047F /* Bearer.swift in Sources */,
				A69EF72E235E56B8005C165D /* ReceiptController.swift in Sources */,
				FA0354C1235E1D3F0046047F /* AppDelegate.swift in Sources */,
				FA0354DA235E60C80046047F /* LogInController.swift in Sources */,
				FA0354E0235E78930046047F /* ReceiptTableViewCell.swift in Sources */,
				FA0354E8235E7BAA0046047F /* ReceiptLogInViewController.swift in Sources */,
				A69EF727235E49DB005C165D /* ReceiptTracker.xcdatamodeld in Sources */,
				FA0354DE235E63BB0046047F /* User.swift in Sources */,
				FA0354C3235E1D3F0046047F /* SceneDelegate.swift in Sources */,
				FA0354E2235E79D60046047F /* ReceiptsTableViewController.swift in Sources */,
				A69EF72C235E538E005C165D /* Receipt+Convenience.swift in Sources */,
				FA0354E4235E79FC0046047F /* ReceiptDetailViewController.swift in Sources */,
				A69EF72A235E5339005C165D /* CoreDataStack.swift in Sources */,
				FA0354EA235F63EF0046047F /* ReceiptRepresentation.swift in Sources */,
			);
			runOnlyForDeploymentPostprocessing = 0;
		};
/* End PBXSourcesBuildPhase section */

/* Begin PBXVariantGroup section */
		FA0354C6235E1D3F0046047F /* Main.storyboard */ = {
			isa = PBXVariantGroup;
			children = (
				FA0354C7235E1D3F0046047F /* Base */,
			);
			name = Main.storyboard;
			sourceTree = "<group>";
		};
		FA0354CB235E1D410046047F /* LaunchScreen.storyboard */ = {
			isa = PBXVariantGroup;
			children = (
				FA0354CC235E1D410046047F /* Base */,
			);
			name = LaunchScreen.storyboard;
			sourceTree = "<group>";
		};
/* End PBXVariantGroup section */

/* Begin XCBuildConfiguration section */
		FA0354CF235E1D410046047F /* Debug */ = {
			isa = XCBuildConfiguration;
			buildSettings = {
				ALWAYS_SEARCH_USER_PATHS = NO;
				CLANG_ANALYZER_NONNULL = YES;
				CLANG_ANALYZER_NUMBER_OBJECT_CONVERSION = YES_AGGRESSIVE;
				CLANG_CXX_LANGUAGE_STANDARD = "gnu++14";
				CLANG_CXX_LIBRARY = "libc++";
				CLANG_ENABLE_MODULES = YES;
				CLANG_ENABLE_OBJC_ARC = YES;
				CLANG_ENABLE_OBJC_WEAK = YES;
				CLANG_WARN_BLOCK_CAPTURE_AUTORELEASING = YES;
				CLANG_WARN_BOOL_CONVERSION = YES;
				CLANG_WARN_COMMA = YES;
				CLANG_WARN_CONSTANT_CONVERSION = YES;
				CLANG_WARN_DEPRECATED_OBJC_IMPLEMENTATIONS = YES;
				CLANG_WARN_DIRECT_OBJC_ISA_USAGE = YES_ERROR;
				CLANG_WARN_DOCUMENTATION_COMMENTS = YES;
				CLANG_WARN_EMPTY_BODY = YES;
				CLANG_WARN_ENUM_CONVERSION = YES;
				CLANG_WARN_INFINITE_RECURSION = YES;
				CLANG_WARN_INT_CONVERSION = YES;
				CLANG_WARN_NON_LITERAL_NULL_CONVERSION = YES;
				CLANG_WARN_OBJC_IMPLICIT_RETAIN_SELF = YES;
				CLANG_WARN_OBJC_LITERAL_CONVERSION = YES;
				CLANG_WARN_OBJC_ROOT_CLASS = YES_ERROR;
				CLANG_WARN_RANGE_LOOP_ANALYSIS = YES;
				CLANG_WARN_STRICT_PROTOTYPES = YES;
				CLANG_WARN_SUSPICIOUS_MOVE = YES;
				CLANG_WARN_UNGUARDED_AVAILABILITY = YES_AGGRESSIVE;
				CLANG_WARN_UNREACHABLE_CODE = YES;
				CLANG_WARN__DUPLICATE_METHOD_MATCH = YES;
				COPY_PHASE_STRIP = NO;
				DEBUG_INFORMATION_FORMAT = dwarf;
				ENABLE_STRICT_OBJC_MSGSEND = YES;
				ENABLE_TESTABILITY = YES;
				GCC_C_LANGUAGE_STANDARD = gnu11;
				GCC_DYNAMIC_NO_PIC = NO;
				GCC_NO_COMMON_BLOCKS = YES;
				GCC_OPTIMIZATION_LEVEL = 0;
				GCC_PREPROCESSOR_DEFINITIONS = (
					"DEBUG=1",
					"$(inherited)",
				);
				GCC_WARN_64_TO_32_BIT_CONVERSION = YES;
				GCC_WARN_ABOUT_RETURN_TYPE = YES_ERROR;
				GCC_WARN_UNDECLARED_SELECTOR = YES;
				GCC_WARN_UNINITIALIZED_AUTOS = YES_AGGRESSIVE;
				GCC_WARN_UNUSED_FUNCTION = YES;
				GCC_WARN_UNUSED_VARIABLE = YES;
				IPHONEOS_DEPLOYMENT_TARGET = 13.0;
				MTL_ENABLE_DEBUG_INFO = INCLUDE_SOURCE;
				MTL_FAST_MATH = YES;
				ONLY_ACTIVE_ARCH = YES;
				SDKROOT = iphoneos;
				SWIFT_ACTIVE_COMPILATION_CONDITIONS = DEBUG;
				SWIFT_OPTIMIZATION_LEVEL = "-Onone";
			};
			name = Debug;
		};
		FA0354D0235E1D410046047F /* Release */ = {
			isa = XCBuildConfiguration;
			buildSettings = {
				ALWAYS_SEARCH_USER_PATHS = NO;
				CLANG_ANALYZER_NONNULL = YES;
				CLANG_ANALYZER_NUMBER_OBJECT_CONVERSION = YES_AGGRESSIVE;
				CLANG_CXX_LANGUAGE_STANDARD = "gnu++14";
				CLANG_CXX_LIBRARY = "libc++";
				CLANG_ENABLE_MODULES = YES;
				CLANG_ENABLE_OBJC_ARC = YES;
				CLANG_ENABLE_OBJC_WEAK = YES;
				CLANG_WARN_BLOCK_CAPTURE_AUTORELEASING = YES;
				CLANG_WARN_BOOL_CONVERSION = YES;
				CLANG_WARN_COMMA = YES;
				CLANG_WARN_CONSTANT_CONVERSION = YES;
				CLANG_WARN_DEPRECATED_OBJC_IMPLEMENTATIONS = YES;
				CLANG_WARN_DIRECT_OBJC_ISA_USAGE = YES_ERROR;
				CLANG_WARN_DOCUMENTATION_COMMENTS = YES;
				CLANG_WARN_EMPTY_BODY = YES;
				CLANG_WARN_ENUM_CONVERSION = YES;
				CLANG_WARN_INFINITE_RECURSION = YES;
				CLANG_WARN_INT_CONVERSION = YES;
				CLANG_WARN_NON_LITERAL_NULL_CONVERSION = YES;
				CLANG_WARN_OBJC_IMPLICIT_RETAIN_SELF = YES;
				CLANG_WARN_OBJC_LITERAL_CONVERSION = YES;
				CLANG_WARN_OBJC_ROOT_CLASS = YES_ERROR;
				CLANG_WARN_RANGE_LOOP_ANALYSIS = YES;
				CLANG_WARN_STRICT_PROTOTYPES = YES;
				CLANG_WARN_SUSPICIOUS_MOVE = YES;
				CLANG_WARN_UNGUARDED_AVAILABILITY = YES_AGGRESSIVE;
				CLANG_WARN_UNREACHABLE_CODE = YES;
				CLANG_WARN__DUPLICATE_METHOD_MATCH = YES;
				COPY_PHASE_STRIP = NO;
				DEBUG_INFORMATION_FORMAT = "dwarf-with-dsym";
				ENABLE_NS_ASSERTIONS = NO;
				ENABLE_STRICT_OBJC_MSGSEND = YES;
				GCC_C_LANGUAGE_STANDARD = gnu11;
				GCC_NO_COMMON_BLOCKS = YES;
				GCC_WARN_64_TO_32_BIT_CONVERSION = YES;
				GCC_WARN_ABOUT_RETURN_TYPE = YES_ERROR;
				GCC_WARN_UNDECLARED_SELECTOR = YES;
				GCC_WARN_UNINITIALIZED_AUTOS = YES_AGGRESSIVE;
				GCC_WARN_UNUSED_FUNCTION = YES;
				GCC_WARN_UNUSED_VARIABLE = YES;
				IPHONEOS_DEPLOYMENT_TARGET = 13.0;
				MTL_ENABLE_DEBUG_INFO = NO;
				MTL_FAST_MATH = YES;
				SDKROOT = iphoneos;
				SWIFT_COMPILATION_MODE = wholemodule;
				SWIFT_OPTIMIZATION_LEVEL = "-O";
				VALIDATE_PRODUCT = YES;
			};
			name = Release;
		};
		FA0354D2235E1D410046047F /* Debug */ = {
			isa = XCBuildConfiguration;
			baseConfigurationReference = FD5ADDCD9ECCA8A9D4B48FE1 /* Pods-ReceiptTracker.debug.xcconfig */;
			buildSettings = {
				ASSETCATALOG_COMPILER_APPICON_NAME = AppIcon;
				CODE_SIGN_STYLE = Automatic;
				DEVELOPMENT_TEAM = FLZ8CLXX64;
				INFOPLIST_FILE = "Reciept Tracker/Info.plist";
				LD_RUNPATH_SEARCH_PATHS = (
					"$(inherited)",
					"@executable_path/Frameworks",
				);
				PRODUCT_BUNDLE_IDENTIFIER = com.lambdaschool.ReceiptTracker;
				PRODUCT_NAME = ReceiptTracker;
				SWIFT_VERSION = 5.0;
				TARGETED_DEVICE_FAMILY = "1,2";
			};
			name = Debug;
		};
		FA0354D3235E1D410046047F /* Release */ = {
			isa = XCBuildConfiguration;
			baseConfigurationReference = 56A4A83BA0B0F7536C4073D6 /* Pods-ReceiptTracker.release.xcconfig */;
			buildSettings = {
				ASSETCATALOG_COMPILER_APPICON_NAME = AppIcon;
				CODE_SIGN_STYLE = Automatic;
				DEVELOPMENT_TEAM = FLZ8CLXX64;
				INFOPLIST_FILE = "Reciept Tracker/Info.plist";
				LD_RUNPATH_SEARCH_PATHS = (
					"$(inherited)",
					"@executable_path/Frameworks",
				);
				PRODUCT_BUNDLE_IDENTIFIER = com.lambdaschool.ReceiptTracker;
				PRODUCT_NAME = ReceiptTracker;
				SWIFT_VERSION = 5.0;
				TARGETED_DEVICE_FAMILY = "1,2";
			};
			name = Release;
		};
/* End XCBuildConfiguration section */

/* Begin XCConfigurationList section */
		FA0354B8235E1D3E0046047F /* Build configuration list for PBXProject "ReceiptTracker" */ = {
			isa = XCConfigurationList;
			buildConfigurations = (
				FA0354CF235E1D410046047F /* Debug */,
				FA0354D0235E1D410046047F /* Release */,
			);
			defaultConfigurationIsVisible = 0;
			defaultConfigurationName = Release;
		};
		FA0354D1235E1D410046047F /* Build configuration list for PBXNativeTarget "ReceiptTracker" */ = {
			isa = XCConfigurationList;
			buildConfigurations = (
				FA0354D2235E1D410046047F /* Debug */,
				FA0354D3235E1D410046047F /* Release */,
			);
			defaultConfigurationIsVisible = 0;
			defaultConfigurationName = Release;
		};
/* End XCConfigurationList section */

/* Begin XCVersionGroup section */
		A69EF725235E49DB005C165D /* ReceiptTracker.xcdatamodeld */ = {
			isa = XCVersionGroup;
			children = (
				A6631C3D235F915C00D251A6 /* ReceiptTracker 2.xcdatamodel */,
				A69EF726235E49DB005C165D /* ReceiptTracker.xcdatamodel */,
			);
			currentVersion = A6631C3D235F915C00D251A6 /* ReceiptTracker 2.xcdatamodel */;
			path = ReceiptTracker.xcdatamodeld;
			sourceTree = "<group>";
			versionGroupType = wrapper.xcdatamodel;
		};
/* End XCVersionGroup section */
	};
	rootObject = FA0354B5235E1D3E0046047F /* Project object */;
}
